
Microsoft Visual Studio Solution File, Format Version 12.00
# Visual Studio Version 16
VisualStudioVersion = 16.0.30907.101
MinimumVisualStudioVersion = 10.0.40219.1
Project("{FAE04EC0-301F-11D3-BF4B-00C04F79EFBC}") = "Common", "Common\Common.csproj", "{DA741F8C-FC21-4B77-A8D2-6CBDE15CC19E}"
EndProject
Project("{FAE04EC0-301F-11D3-BF4B-00C04F79EFBC}") = "Server", "Server\Server.csproj", "{FD09EE66-D532-45F4-A055-E997200BB486}"
EndProject
Project("{FAE04EC0-301F-11D3-BF4B-00C04F79EFBC}") = "KorisnickiInterfejs", "KorisnickiInterfejs\KorisnickiInterfejs.csproj", "{6FC30C31-C587-4DB3-B113-88FA1B494F8E}"
EndProject
Global
	GlobalSection(SolutionConfigurationPlatforms) = preSolution
		Debug|Any CPU = Debug|Any CPU
		Release|Any CPU = Release|Any CPU
	EndGlobalSection
	GlobalSection(ProjectConfigurationPlatforms) = postSolution
		{DA741F8C-FC21-4B77-A8D2-6CBDE15CC19E}.Debug|Any CPU.ActiveCfg = Debug|Any CPU
		{DA741F8C-FC21-4B77-A8D2-6CBDE15CC19E}.Debug|Any CPU.Build.0 = Debug|Any CPU
		{DA741F8C-FC21-4B77-A8D2-6CBDE15CC19E}.Release|Any CPU.ActiveCfg = Release|Any CPU
		{DA741F8C-FC21-4B77-A8D2-6CBDE15CC19E}.Release|Any CPU.Build.0 = Release|Any CPU
		{FD09EE66-D532-45F4-A055-E997200BB486}.Debug|Any CPU.ActiveCfg = Debug|Any CPU
		{FD09EE66-D532-45F4-A055-E997200BB486}.Debug|Any CPU.Build.0 = Debug|Any CPU
		{FD09EE66-D532-45F4-A055-E997200BB486}.Release|Any CPU.ActiveCfg = Release|Any CPU
		{FD09EE66-D532-45F4-A055-E997200BB486}.Release|Any CPU.Build.0 = Release|Any CPU
		{6FC30C31-C587-4DB3-B113-88FA1B494F8E}.Debug|Any CPU.ActiveCfg = Debug|Any CPU
		{6FC30C31-C587-4DB3-B113-88FA1B494F8E}.Debug|Any CPU.Build.0 = Debug|Any CPU
		{6FC30C31-C587-4DB3-B113-88FA1B494F8E}.Release|Any CPU.ActiveCfg = Release|Any CPU
		{6FC30C31-C587-4DB3-B113-88FA1B494F8E}.Release|Any CPU.Build.0 = Release|Any CPU
	EndGlobalSection
	GlobalSection(SolutionProperties) = preSolution
		HideSolutionNode = FALSE
	EndGlobalSection
	GlobalSection(ExtensibilityGlobals) = postSolution
		SolutionGuid = {FD660759-209F-429B-93CE-0CD097393D06}
	EndGlobalSection
EndGlobal
